
Microsoft Visual Studio Solution File, Format Version 12.00
# Visual Studio Version 16
VisualStudioVersion = 16.0.30611.23
MinimumVisualStudioVersion = 10.0.40219.1
Project("{FAE04EC0-301F-11D3-BF4B-00C04F79EFBC}") = "ControleDeGastos", "ControleDeGastos\ControleDeGastos.csproj", "{09A8D687-E1D6-4B75-AE35-72B1353571A7}"
EndProject
Project("{FAE04EC0-301F-11D3-BF4B-00C04F79EFBC}") = "ControleDeGastos.Tests", "ControleDeGastos.Tests\ControleDeGastos.Tests.csproj", "{F7F2E6B6-C934-4551-BC46-1AC3226CF483}"
EndProject
Global
	GlobalSection(SolutionConfigurationPlatforms) = preSolution
		Debug|Any CPU = Debug|Any CPU
		Release|Any CPU = Release|Any CPU
	EndGlobalSection
	GlobalSection(ProjectConfigurationPlatforms) = postSolution
		{09A8D687-E1D6-4B75-AE35-72B1353571A7}.Debug|Any CPU.ActiveCfg = Debug|Any CPU
		{09A8D687-E1D6-4B75-AE35-72B1353571A7}.Debug|Any CPU.Build.0 = Debug|Any CPU
		{09A8D687-E1D6-4B75-AE35-72B1353571A7}.Release|Any CPU.ActiveCfg = Release|Any CPU
		{09A8D687-E1D6-4B75-AE35-72B1353571A7}.Release|Any CPU.Build.0 = Release|Any CPU
		{F7F2E6B6-C934-4551-BC46-1AC3226CF483}.Debug|Any CPU.ActiveCfg = Debug|Any CPU
		{F7F2E6B6-C934-4551-BC46-1AC3226CF483}.Debug|Any CPU.Build.0 = Debug|Any CPU
		{F7F2E6B6-C934-4551-BC46-1AC3226CF483}.Release|Any CPU.ActiveCfg = Release|Any CPU
		{F7F2E6B6-C934-4551-BC46-1AC3226CF483}.Release|Any CPU.Build.0 = Release|Any CPU
	EndGlobalSection
	GlobalSection(SolutionProperties) = preSolution
		HideSolutionNode = FALSE
	EndGlobalSection
	GlobalSection(ExtensibilityGlobals) = postSolution
		SolutionGuid = {6F82064D-ED37-44A0-A625-01812C276A5C}
	EndGlobalSection
EndGlobal
